// !$*UTF8*$!
{
	archiveVersion = 1;
	classes = {
	};
	objectVersion = 50;
	objects = {

/* Begin PBXBuildFile section */
		060D6B672128968800BF4674 /* MovieCell.swift in Sources */ = {isa = PBXBuildFile; fileRef = 060D6B662128968800BF4674 /* MovieCell.swift */; };
		060D6B702128B4BD00BF4674 /* MovieObj.swift in Sources */ = {isa = PBXBuildFile; fileRef = 060D6B6F2128B4BD00BF4674 /* MovieObj.swift */; };
		060D6B722128CF1500BF4674 /* MovieResponse.swift in Sources */ = {isa = PBXBuildFile; fileRef = 060D6B712128CF1500BF4674 /* MovieResponse.swift */; };
		06F4A1792129DC2400FA0F3B /* ImageLoader.swift in Sources */ = {isa = PBXBuildFile; fileRef = 06F4A1782129DC2400FA0F3B /* ImageLoader.swift */; };
		06F4A17B212AFEC900FA0F3B /* MovieDetailController.swift in Sources */ = {isa = PBXBuildFile; fileRef = 06F4A17A212AFEC900FA0F3B /* MovieDetailController.swift */; };
		06F4A17D212B03DD00FA0F3B /* MovieDetailsCell.swift in Sources */ = {isa = PBXBuildFile; fileRef = 06F4A17C212B03DD00FA0F3B /* MovieDetailsCell.swift */; };
		06F4A182212B70A300FA0F3B /* Label+Extenstion.swift in Sources */ = {isa = PBXBuildFile; fileRef = 06F4A181212B70A300FA0F3B /* Label+Extenstion.swift */; };
		06F4A184212B811D00FA0F3B /* MovieTraillersCell.swift in Sources */ = {isa = PBXBuildFile; fileRef = 06F4A183212B811D00FA0F3B /* MovieTraillersCell.swift */; };
		06F4A186212BA28900FA0F3B /* MovieOverviewCell.swift in Sources */ = {isa = PBXBuildFile; fileRef = 06F4A185212BA28900FA0F3B /* MovieOverviewCell.swift */; };
		06F4A188212BA65800FA0F3B /* String+Extenstion.swift in Sources */ = {isa = PBXBuildFile; fileRef = 06F4A187212BA65800FA0F3B /* String+Extenstion.swift */; };
		06F4A18A212BB30700FA0F3B /* TraillerCell.swift in Sources */ = {isa = PBXBuildFile; fileRef = 06F4A189212BB30700FA0F3B /* TraillerCell.swift */; };
		06F4A18E212C827C00FA0F3B /* TraillerObj.swift in Sources */ = {isa = PBXBuildFile; fileRef = 06F4A18D212C827C00FA0F3B /* TraillerObj.swift */; };
		06F4A190212C8A0900FA0F3B /* TraillerResponse.swift in Sources */ = {isa = PBXBuildFile; fileRef = 06F4A18F212C8A0900FA0F3B /* TraillerResponse.swift */; };
		06F4A194212C9F6D00FA0F3B /* ReviewObj.swift in Sources */ = {isa = PBXBuildFile; fileRef = 06F4A193212C9F6D00FA0F3B /* ReviewObj.swift */; };
		06F4A196212CA0B300FA0F3B /* ReviewResponse.swift in Sources */ = {isa = PBXBuildFile; fileRef = 06F4A195212CA0B300FA0F3B /* ReviewResponse.swift */; };
		06F4A198212CA48800FA0F3B /* MovieReviewsCell.swift in Sources */ = {isa = PBXBuildFile; fileRef = 06F4A197212CA48800FA0F3B /* MovieReviewsCell.swift */; };
		06F4A19A212CA49200FA0F3B /* ReviewCell.swift in Sources */ = {isa = PBXBuildFile; fileRef = 06F4A199212CA49200FA0F3B /* ReviewCell.swift */; };
		06F4A19C212F604800FA0F3B /* RequestData.swift in Sources */ = {isa = PBXBuildFile; fileRef = 06F4A19B212F604800FA0F3B /* RequestData.swift */; };
		06F4A1A3212F776700FA0F3B /* NetworkDispatcher.swift in Sources */ = {isa = PBXBuildFile; fileRef = 06F4A1A2212F776700FA0F3B /* NetworkDispatcher.swift */; };
		06F4A1A5212F7A1C00FA0F3B /* NetworkError.swift in Sources */ = {isa = PBXBuildFile; fileRef = 06F4A1A4212F7A1C00FA0F3B /* NetworkError.swift */; };
		06F4A1A7212F807300FA0F3B /* RequestType.swift in Sources */ = {isa = PBXBuildFile; fileRef = 06F4A1A6212F807300FA0F3B /* RequestType.swift */; };
		06F4A1A9212F84B800FA0F3B /* GetMovieList.swift in Sources */ = {isa = PBXBuildFile; fileRef = 06F4A1A8212F84B800FA0F3B /* GetMovieList.swift */; };
		06F4A1AB212F8A8200FA0F3B /* GetTraillers.swift in Sources */ = {isa = PBXBuildFile; fileRef = 06F4A1AA212F8A8200FA0F3B /* GetTraillers.swift */; };
		06F4A1AD212F8FBE00FA0F3B /* GetReviews.swift in Sources */ = {isa = PBXBuildFile; fileRef = 06F4A1AC212F8FBE00FA0F3B /* GetReviews.swift */; };
		06FE7C37212891F1003902B1 /* AppDelegate.swift in Sources */ = {isa = PBXBuildFile; fileRef = 06FE7C36212891F1003902B1 /* AppDelegate.swift */; };
		06FE7C39212891F1003902B1 /* MovieListController.swift in Sources */ = {isa = PBXBuildFile; fileRef = 06FE7C38212891F1003902B1 /* MovieListController.swift */; };
		06FE7C3E212891F3003902B1 /* Assets.xcassets in Resources */ = {isa = PBXBuildFile; fileRef = 06FE7C3D212891F3003902B1 /* Assets.xcassets */; };
		06FE7C41212891F3003902B1 /* LaunchScreen.storyboard in Resources */ = {isa = PBXBuildFile; fileRef = 06FE7C3F212891F3003902B1 /* LaunchScreen.storyboard */; };
/* End PBXBuildFile section */

/* Begin PBXFileReference section */
		060D6B662128968800BF4674 /* MovieCell.swift */ = {isa = PBXFileReference; lastKnownFileType = sourcecode.swift; path = MovieCell.swift; sourceTree = "<group>"; };
		060D6B6F2128B4BD00BF4674 /* MovieObj.swift */ = {isa = PBXFileReference; lastKnownFileType = sourcecode.swift; path = MovieObj.swift; sourceTree = "<group>"; };
		060D6B712128CF1500BF4674 /* MovieResponse.swift */ = {isa = PBXFileReference; lastKnownFileType = sourcecode.swift; path = MovieResponse.swift; sourceTree = "<group>"; };
		06F4A1782129DC2400FA0F3B /* ImageLoader.swift */ = {isa = PBXFileReference; lastKnownFileType = sourcecode.swift; path = ImageLoader.swift; sourceTree = "<group>"; };
		06F4A17A212AFEC900FA0F3B /* MovieDetailController.swift */ = {isa = PBXFileReference; lastKnownFileType = sourcecode.swift; path = MovieDetailController.swift; sourceTree = "<group>"; };
		06F4A17C212B03DD00FA0F3B /* MovieDetailsCell.swift */ = {isa = PBXFileReference; lastKnownFileType = sourcecode.swift; path = MovieDetailsCell.swift; sourceTree = "<group>"; };
		06F4A181212B70A300FA0F3B /* Label+Extenstion.swift */ = {isa = PBXFileReference; lastKnownFileType = sourcecode.swift; path = "Label+Extenstion.swift"; sourceTree = "<group>"; };
		06F4A183212B811D00FA0F3B /* MovieTraillersCell.swift */ = {isa = PBXFileReference; lastKnownFileType = sourcecode.swift; path = MovieTraillersCell.swift; sourceTree = "<group>"; };
		06F4A185212BA28900FA0F3B /* MovieOverviewCell.swift */ = {isa = PBXFileReference; lastKnownFileType = sourcecode.swift; path = MovieOverviewCell.swift; sourceTree = "<group>"; };
		06F4A187212BA65800FA0F3B /* String+Extenstion.swift */ = {isa = PBXFileReference; lastKnownFileType = sourcecode.swift; path = "String+Extenstion.swift"; sourceTree = "<group>"; };
		06F4A189212BB30700FA0F3B /* TraillerCell.swift */ = {isa = PBXFileReference; lastKnownFileType = sourcecode.swift; path = TraillerCell.swift; sourceTree = "<group>"; };
		06F4A18D212C827C00FA0F3B /* TraillerObj.swift */ = {isa = PBXFileReference; lastKnownFileType = sourcecode.swift; path = TraillerObj.swift; sourceTree = "<group>"; };
		06F4A18F212C8A0900FA0F3B /* TraillerResponse.swift */ = {isa = PBXFileReference; lastKnownFileType = sourcecode.swift; path = TraillerResponse.swift; sourceTree = "<group>"; };
		06F4A193212C9F6D00FA0F3B /* ReviewObj.swift */ = {isa = PBXFileReference; lastKnownFileType = sourcecode.swift; path = ReviewObj.swift; sourceTree = "<group>"; };
		06F4A195212CA0B300FA0F3B /* ReviewResponse.swift */ = {isa = PBXFileReference; lastKnownFileType = sourcecode.swift; path = ReviewResponse.swift; sourceTree = "<group>"; };
		06F4A197212CA48800FA0F3B /* MovieReviewsCell.swift */ = {isa = PBXFileReference; lastKnownFileType = sourcecode.swift; path = MovieReviewsCell.swift; sourceTree = "<group>"; };
		06F4A199212CA49200FA0F3B /* ReviewCell.swift */ = {isa = PBXFileReference; lastKnownFileType = sourcecode.swift; path = ReviewCell.swift; sourceTree = "<group>"; };
		06F4A19B212F604800FA0F3B /* RequestData.swift */ = {isa = PBXFileReference; lastKnownFileType = sourcecode.swift; path = RequestData.swift; sourceTree = "<group>"; };
		06F4A1A2212F776700FA0F3B /* NetworkDispatcher.swift */ = {isa = PBXFileReference; lastKnownFileType = sourcecode.swift; path = NetworkDispatcher.swift; sourceTree = "<group>"; };
		06F4A1A4212F7A1C00FA0F3B /* NetworkError.swift */ = {isa = PBXFileReference; lastKnownFileType = sourcecode.swift; path = NetworkError.swift; sourceTree = "<group>"; };
		06F4A1A6212F807300FA0F3B /* RequestType.swift */ = {isa = PBXFileReference; lastKnownFileType = sourcecode.swift; path = RequestType.swift; sourceTree = "<group>"; };
		06F4A1A8212F84B800FA0F3B /* GetMovieList.swift */ = {isa = PBXFileReference; lastKnownFileType = sourcecode.swift; path = GetMovieList.swift; sourceTree = "<group>"; };
		06F4A1AA212F8A8200FA0F3B /* GetTraillers.swift */ = {isa = PBXFileReference; lastKnownFileType = sourcecode.swift; path = GetTraillers.swift; sourceTree = "<group>"; };
		06F4A1AC212F8FBE00FA0F3B /* GetReviews.swift */ = {isa = PBXFileReference; lastKnownFileType = sourcecode.swift; path = GetReviews.swift; sourceTree = "<group>"; };
		06FE7C33212891F1003902B1 /* MovieApp.app */ = {isa = PBXFileReference; explicitFileType = wrapper.application; includeInIndex = 0; path = MovieApp.app; sourceTree = BUILT_PRODUCTS_DIR; };
		06FE7C36212891F1003902B1 /* AppDelegate.swift */ = {isa = PBXFileReference; lastKnownFileType = sourcecode.swift; path = AppDelegate.swift; sourceTree = "<group>"; };
		06FE7C38212891F1003902B1 /* MovieListController.swift */ = {isa = PBXFileReference; lastKnownFileType = sourcecode.swift; path = MovieListController.swift; sourceTree = "<group>"; };
		06FE7C3D212891F3003902B1 /* Assets.xcassets */ = {isa = PBXFileReference; lastKnownFileType = folder.assetcatalog; path = Assets.xcassets; sourceTree = "<group>"; };
		06FE7C40212891F3003902B1 /* Base */ = {isa = PBXFileReference; lastKnownFileType = file.storyboard; name = Base; path = Base.lproj/LaunchScreen.storyboard; sourceTree = "<group>"; };
		06FE7C42212891F3003902B1 /* Info.plist */ = {isa = PBXFileReference; lastKnownFileType = text.plist.xml; path = Info.plist; sourceTree = "<group>"; };
/* End PBXFileReference section */

/* Begin PBXFrameworksBuildPhase section */
		06FE7C30212891F1003902B1 /* Frameworks */ = {
			isa = PBXFrameworksBuildPhase;
			buildActionMask = 2147483647;
			files = (
			);
			runOnlyForDeploymentPostprocessing = 0;
		};
/* End PBXFrameworksBuildPhase section */

/* Begin PBXGroup section */
		060D6B682128A0C200BF4674 /* Model */ = {
			isa = PBXGroup;
			children = (
				060D6B712128CF1500BF4674 /* MovieResponse.swift */,
				060D6B6F2128B4BD00BF4674 /* MovieObj.swift */,
				06F4A18D212C827C00FA0F3B /* TraillerObj.swift */,
				06F4A18F212C8A0900FA0F3B /* TraillerResponse.swift */,
				06F4A193212C9F6D00FA0F3B /* ReviewObj.swift */,
				06F4A195212CA0B300FA0F3B /* ReviewResponse.swift */,
			);
			path = Model;
			sourceTree = "<group>";
		};
		060D6B692128A11800BF4674 /* Views */ = {
			isa = PBXGroup;
			children = (
				060D6B662128968800BF4674 /* MovieCell.swift */,
				06F4A17C212B03DD00FA0F3B /* MovieDetailsCell.swift */,
				06F4A185212BA28900FA0F3B /* MovieOverviewCell.swift */,
				06F4A183212B811D00FA0F3B /* MovieTraillersCell.swift */,
				06F4A189212BB30700FA0F3B /* TraillerCell.swift */,
				06F4A197212CA48800FA0F3B /* MovieReviewsCell.swift */,
				06F4A199212CA49200FA0F3B /* ReviewCell.swift */,
			);
			path = Views;
			sourceTree = "<group>";
		};
		060D6B6A2128A11D00BF4674 /* Controller */ = {
			isa = PBXGroup;
			children = (
				06FE7C38212891F1003902B1 /* MovieListController.swift */,
				06F4A17A212AFEC900FA0F3B /* MovieDetailController.swift */,
			);
			path = Controller;
			sourceTree = "<group>";
		};
		060D6B6B2128A13500BF4674 /* Supporting Files */ = {
			isa = PBXGroup;
			children = (
				06FE7C36212891F1003902B1 /* AppDelegate.swift */,
				06FE7C3D212891F3003902B1 /* Assets.xcassets */,
				06FE7C3F212891F3003902B1 /* LaunchScreen.storyboard */,
			);
			path = "Supporting Files";
			sourceTree = "<group>";
		};
		060D6B6C2128B2C400BF4674 /* Network */ = {
			isa = PBXGroup;
			children = (
				06F4A1A0212F767B00FA0F3B /* EndPoint */,
				06F4A19D212F6C8500FA0F3B /* Service */,
				06F4A1782129DC2400FA0F3B /* ImageLoader.swift */,
			);
			path = Network;
			sourceTree = "<group>";
		};
		06F4A180212B708B00FA0F3B /* Extensions */ = {
			isa = PBXGroup;
			children = (
				06F4A181212B70A300FA0F3B /* Label+Extenstion.swift */,
				06F4A187212BA65800FA0F3B /* String+Extenstion.swift */,
			);
			path = Extensions;
			sourceTree = "<group>";
		};
		06F4A19D212F6C8500FA0F3B /* Service */ = {
			isa = PBXGroup;
			children = (
				06F4A19B212F604800FA0F3B /* RequestData.swift */,
				06F4A1A2212F776700FA0F3B /* NetworkDispatcher.swift */,
				06F4A1A6212F807300FA0F3B /* RequestType.swift */,
				06F4A1A4212F7A1C00FA0F3B /* NetworkError.swift */,
			);
			path = Service;
			sourceTree = "<group>";
		};
		06F4A1A0212F767B00FA0F3B /* EndPoint */ = {
			isa = PBXGroup;
			children = (
				06F4A1A8212F84B800FA0F3B /* GetMovieList.swift */,
				06F4A1AA212F8A8200FA0F3B /* GetTraillers.swift */,
				06F4A1AC212F8FBE00FA0F3B /* GetReviews.swift */,
			);
			path = EndPoint;
			sourceTree = "<group>";
		};
		06FE7C2A212891F1003902B1 = {
			isa = PBXGroup;
			children = (
				06FE7C35212891F1003902B1 /* MovieApp */,
				06FE7C34212891F1003902B1 /* Products */,
			);
			sourceTree = "<group>";
		};
		06FE7C34212891F1003902B1 /* Products */ = {
			isa = PBXGroup;
			children = (
				06FE7C33212891F1003902B1 /* MovieApp.app */,
			);
			name = Products;
			sourceTree = "<group>";
		};
		06FE7C35212891F1003902B1 /* MovieApp */ = {
			isa = PBXGroup;
			children = (
				06FE7C42212891F3003902B1 /* Info.plist */,
				06F4A180212B708B00FA0F3B /* Extensions */,
				060D6B6B2128A13500BF4674 /* Supporting Files */,
				060D6B682128A0C200BF4674 /* Model */,
				060D6B692128A11800BF4674 /* Views */,
				060D6B6A2128A11D00BF4674 /* Controller */,
				060D6B6C2128B2C400BF4674 /* Network */,
			);
			path = MovieApp;
			sourceTree = "<group>";
		};
/* End PBXGroup section */

/* Begin PBXNativeTarget section */
		06FE7C32212891F1003902B1 /* MovieApp */ = {
			isa = PBXNativeTarget;
			buildConfigurationList = 06FE7C45212891F3003902B1 /* Build configuration list for PBXNativeTarget "MovieApp" */;
			buildPhases = (
				06FE7C2F212891F1003902B1 /* Sources */,
				06FE7C30212891F1003902B1 /* Frameworks */,
				06FE7C31212891F1003902B1 /* Resources */,
			);
			buildRules = (
			);
			dependencies = (
			);
			name = MovieApp;
			productName = MovieApp;
			productReference = 06FE7C33212891F1003902B1 /* MovieApp.app */;
			productType = "com.apple.product-type.application";
		};
/* End PBXNativeTarget section */

/* Begin PBXProject section */
		06FE7C2B212891F1003902B1 /* Project object */ = {
			isa = PBXProject;
			attributes = {
				LastSwiftUpdateCheck = 0930;
				LastUpgradeCheck = 0930;
				ORGANIZATIONNAME = "Sami Youssef";
				TargetAttributes = {
					06FE7C32212891F1003902B1 = {
						CreatedOnToolsVersion = 9.3;
					};
				};
			};
			buildConfigurationList = 06FE7C2E212891F1003902B1 /* Build configuration list for PBXProject "MovieApp" */;
			compatibilityVersion = "Xcode 9.3";
			developmentRegion = en;
			hasScannedForEncodings = 0;
			knownRegions = (
				en,
				Base,
			);
			mainGroup = 06FE7C2A212891F1003902B1;
			productRefGroup = 06FE7C34212891F1003902B1 /* Products */;
			projectDirPath = "";
			projectRoot = "";
			targets = (
				06FE7C32212891F1003902B1 /* MovieApp */,
			);
		};
/* End PBXProject section */

/* Begin PBXResourcesBuildPhase section */
		06FE7C31212891F1003902B1 /* Resources */ = {
			isa = PBXResourcesBuildPhase;
			buildActionMask = 2147483647;
			files = (
				06FE7C41212891F3003902B1 /* LaunchScreen.storyboard in Resources */,
				06FE7C3E212891F3003902B1 /* Assets.xcassets in Resources */,
			);
			runOnlyForDeploymentPostprocessing = 0;
		};
/* End PBXResourcesBuildPhase section */

/* Begin PBXSourcesBuildPhase section */
		06FE7C2F212891F1003902B1 /* Sources */ = {
			isa = PBXSourcesBuildPhase;
			buildActionMask = 2147483647;
			files = (
				06F4A1792129DC2400FA0F3B /* ImageLoader.swift in Sources */,
				06F4A188212BA65800FA0F3B /* String+Extenstion.swift in Sources */,
				06F4A18A212BB30700FA0F3B /* TraillerCell.swift in Sources */,
				06F4A198212CA48800FA0F3B /* MovieReviewsCell.swift in Sources */,
				06F4A1A9212F84B800FA0F3B /* GetMovieList.swift in Sources */,
				06FE7C39212891F1003902B1 /* MovieListController.swift in Sources */,
				06F4A19C212F604800FA0F3B /* RequestData.swift in Sources */,
				06FE7C37212891F1003902B1 /* AppDelegate.swift in Sources */,
				06F4A194212C9F6D00FA0F3B /* ReviewObj.swift in Sources */,
				06F4A1A3212F776700FA0F3B /* NetworkDispatcher.swift in Sources */,
				06F4A190212C8A0900FA0F3B /* TraillerResponse.swift in Sources */,
				06F4A18E212C827C00FA0F3B /* TraillerObj.swift in Sources */,
				060D6B722128CF1500BF4674 /* MovieResponse.swift in Sources */,
				06F4A17B212AFEC900FA0F3B /* MovieDetailController.swift in Sources */,
				06F4A1A7212F807300FA0F3B /* RequestType.swift in Sources */,
				06F4A184212B811D00FA0F3B /* MovieTraillersCell.swift in Sources */,
				06F4A17D212B03DD00FA0F3B /* MovieDetailsCell.swift in Sources */,
				060D6B672128968800BF4674 /* MovieCell.swift in Sources */,
				06F4A186212BA28900FA0F3B /* MovieOverviewCell.swift in Sources */,
				06F4A1A5212F7A1C00FA0F3B /* NetworkError.swift in Sources */,
				06F4A196212CA0B300FA0F3B /* ReviewResponse.swift in Sources */,
				060D6B702128B4BD00BF4674 /* MovieObj.swift in Sources */,
				06F4A1AD212F8FBE00FA0F3B /* GetReviews.swift in Sources */,
				06F4A182212B70A300FA0F3B /* Label+Extenstion.swift in Sources */,
				06F4A19A212CA49200FA0F3B /* ReviewCell.swift in Sources */,
				06F4A1AB212F8A8200FA0F3B /* GetTraillers.swift in Sources */,
			);
			runOnlyForDeploymentPostprocessing = 0;
		};
/* End PBXSourcesBuildPhase section */

/* Begin PBXVariantGroup section */
		06FE7C3F212891F3003902B1 /* LaunchScreen.storyboard */ = {
			isa = PBXVariantGroup;
			children = (
				06FE7C40212891F3003902B1 /* Base */,
			);
			name = LaunchScreen.storyboard;
			sourceTree = "<group>";
		};
/* End PBXVariantGroup section */

/* Begin XCBuildConfiguration section */
		06FE7C43212891F3003902B1 /* Debug */ = {
			isa = XCBuildConfiguration;
			buildSettings = {
				ALWAYS_SEARCH_USER_PATHS = NO;
				CLANG_ANALYZER_NONNULL = YES;
				CLANG_ANALYZER_NUMBER_OBJECT_CONVERSION = YES_AGGRESSIVE;
				CLANG_CXX_LANGUAGE_STANDARD = "gnu++14";
				CLANG_CXX_LIBRARY = "libc++";
				CLANG_ENABLE_MODULES = YES;
				CLANG_ENABLE_OBJC_ARC = YES;
				CLANG_ENABLE_OBJC_WEAK = YES;
				CLANG_WARN_BLOCK_CAPTURE_AUTORELEASING = YES;
				CLANG_WARN_BOOL_CONVERSION = YES;
				CLANG_WARN_COMMA = YES;
				CLANG_WARN_CONSTANT_CONVERSION = YES;
				CLANG_WARN_DEPRECATED_OBJC_IMPLEMENTATIONS = YES;
				CLANG_WARN_DIRECT_OBJC_ISA_USAGE = YES_ERROR;
				CLANG_WARN_DOCUMENTATION_COMMENTS = YES;
				CLANG_WARN_EMPTY_BODY = YES;
				CLANG_WARN_ENUM_CONVERSION = YES;
				CLANG_WARN_INFINITE_RECURSION = YES;
				CLANG_WARN_INT_CONVERSION = YES;
				CLANG_WARN_NON_LITERAL_NULL_CONVERSION = YES;
				CLANG_WARN_OBJC_IMPLICIT_RETAIN_SELF = YES;
				CLANG_WARN_OBJC_LITERAL_CONVERSION = YES;
				CLANG_WARN_OBJC_ROOT_CLASS = YES_ERROR;
				CLANG_WARN_RANGE_LOOP_ANALYSIS = YES;
				CLANG_WARN_STRICT_PROTOTYPES = YES;
				CLANG_WARN_SUSPICIOUS_MOVE = YES;
				CLANG_WARN_UNGUARDED_AVAILABILITY = YES_AGGRESSIVE;
				CLANG_WARN_UNREACHABLE_CODE = YES;
				CLANG_WARN__DUPLICATE_METHOD_MATCH = YES;
				CODE_SIGN_IDENTITY = "iPhone Developer";
				COPY_PHASE_STRIP = NO;
				DEBUG_INFORMATION_FORMAT = dwarf;
				ENABLE_STRICT_OBJC_MSGSEND = YES;
				ENABLE_TESTABILITY = YES;
				GCC_C_LANGUAGE_STANDARD = gnu11;
				GCC_DYNAMIC_NO_PIC = NO;
				GCC_NO_COMMON_BLOCKS = YES;
				GCC_OPTIMIZATION_LEVEL = 0;
				GCC_PREPROCESSOR_DEFINITIONS = (
					"DEBUG=1",
					"$(inherited)",
				);
				GCC_WARN_64_TO_32_BIT_CONVERSION = YES;
				GCC_WARN_ABOUT_RETURN_TYPE = YES_ERROR;
				GCC_WARN_UNDECLARED_SELECTOR = YES;
				GCC_WARN_UNINITIALIZED_AUTOS = YES_AGGRESSIVE;
				GCC_WARN_UNUSED_FUNCTION = YES;
				GCC_WARN_UNUSED_VARIABLE = YES;
				IPHONEOS_DEPLOYMENT_TARGET = 11.3;
				MTL_ENABLE_DEBUG_INFO = YES;
				ONLY_ACTIVE_ARCH = YES;
				SDKROOT = iphoneos;
				SWIFT_ACTIVE_COMPILATION_CONDITIONS = DEBUG;
				SWIFT_OPTIMIZATION_LEVEL = "-Onone";
			};
			name = Debug;
		};
		06FE7C44212891F3003902B1 /* Release */ = {
			isa = XCBuildConfiguration;
			buildSettings = {
				ALWAYS_SEARCH_USER_PATHS = NO;
				CLANG_ANALYZER_NONNULL = YES;
				CLANG_ANALYZER_NUMBER_OBJECT_CONVERSION = YES_AGGRESSIVE;
				CLANG_CXX_LANGUAGE_STANDARD = "gnu++14";
				CLANG_CXX_LIBRARY = "libc++";
				CLANG_ENABLE_MODULES = YES;
				CLANG_ENABLE_OBJC_ARC = YES;
				CLANG_ENABLE_OBJC_WEAK = YES;
				CLANG_WARN_BLOCK_CAPTURE_AUTORELEASING = YES;
				CLANG_WARN_BOOL_CONVERSION = YES;
				CLANG_WARN_COMMA = YES;
				CLANG_WARN_CONSTANT_CONVERSION = YES;
				CLANG_WARN_DEPRECATED_OBJC_IMPLEMENTATIONS = YES;
				CLANG_WARN_DIRECT_OBJC_ISA_USAGE = YES_ERROR;
				CLANG_WARN_DOCUMENTATION_COMMENTS = YES;
				CLANG_WARN_EMPTY_BODY = YES;
				CLANG_WARN_ENUM_CONVERSION = YES;
				CLANG_WARN_INFINITE_RECURSION = YES;
				CLANG_WARN_INT_CONVERSION = YES;
				CLANG_WARN_NON_LITERAL_NULL_CONVERSION = YES;
				CLANG_WARN_OBJC_IMPLICIT_RETAIN_SELF = YES;
				CLANG_WARN_OBJC_LITERAL_CONVERSION = YES;
				CLANG_WARN_OBJC_ROOT_CLASS = YES_ERROR;
				CLANG_WARN_RANGE_LOOP_ANALYSIS = YES;
				CLANG_WARN_STRICT_PROTOTYPES = YES;
				CLANG_WARN_SUSPICIOUS_MOVE = YES;
				CLANG_WARN_UNGUARDED_AVAILABILITY = YES_AGGRESSIVE;
				CLANG_WARN_UNREACHABLE_CODE = YES;
				CLANG_WARN__DUPLICATE_METHOD_MATCH = YES;
				CODE_SIGN_IDENTITY = "iPhone Developer";
				COPY_PHASE_STRIP = NO;
				DEBUG_INFORMATION_FORMAT = "dwarf-with-dsym";
				ENABLE_NS_ASSERTIONS = NO;
				ENABLE_STRICT_OBJC_MSGSEND = YES;
				GCC_C_LANGUAGE_STANDARD = gnu11;
				GCC_NO_COMMON_BLOCKS = YES;
				GCC_WARN_64_TO_32_BIT_CONVERSION = YES;
				GCC_WARN_ABOUT_RETURN_TYPE = YES_ERROR;
				GCC_WARN_UNDECLARED_SELECTOR = YES;
				GCC_WARN_UNINITIALIZED_AUTOS = YES_AGGRESSIVE;
				GCC_WARN_UNUSED_FUNCTION = YES;
				GCC_WARN_UNUSED_VARIABLE = YES;
				IPHONEOS_DEPLOYMENT_TARGET = 11.3;
				MTL_ENABLE_DEBUG_INFO = NO;
				SDKROOT = iphoneos;
				SWIFT_COMPILATION_MODE = wholemodule;
				SWIFT_OPTIMIZATION_LEVEL = "-O";
				VALIDATE_PRODUCT = YES;
			};
			name = Release;
		};
		06FE7C46212891F3003902B1 /* Debug */ = {
			isa = XCBuildConfiguration;
			buildSettings = {
				ASSETCATALOG_COMPILER_APPICON_NAME = AppIcon;
				CODE_SIGN_STYLE = Automatic;
				INFOPLIST_FILE = MovieApp/Info.plist;
				IPHONEOS_DEPLOYMENT_TARGET = 10.0;
				LD_RUNPATH_SEARCH_PATHS = (
					"$(inherited)",
					"@executable_path/Frameworks",
				);
				PRODUCT_BUNDLE_IDENTIFIER = com.Dev.MovieApp;
				PRODUCT_NAME = "$(TARGET_NAME)";
				SWIFT_VERSION = 4.0;
				TARGETED_DEVICE_FAMILY = 1;
			};
			name = Debug;
		};
		06FE7C47212891F3003902B1 /* Release */ = {
			isa = XCBuildConfiguration;
			buildSettings = {
				ASSETCATALOG_COMPILER_APPICON_NAME = AppIcon;
				CODE_SIGN_STYLE = Automatic;
				INFOPLIST_FILE = MovieApp/Info.plist;
				IPHONEOS_DEPLOYMENT_TARGET = 10.0;
				LD_RUNPATH_SEARCH_PATHS = (
					"$(inherited)",
					"@executable_path/Frameworks",
				);
				PRODUCT_BUNDLE_IDENTIFIER = com.Dev.MovieApp;
				PRODUCT_NAME = "$(TARGET_NAME)";
				SWIFT_VERSION = 4.0;
				TARGETED_DEVICE_FAMILY = 1;
			};
			name = Release;
		};
/* End XCBuildConfiguration section */

/* Begin XCConfigurationList section */
		06FE7C2E212891F1003902B1 /* Build configuration list for PBXProject "MovieApp" */ = {
			isa = XCConfigurationList;
			buildConfigurations = (
				06FE7C43212891F3003902B1 /* Debug */,
				06FE7C44212891F3003902B1 /* Release */,
			);
			defaultConfigurationIsVisible = 0;
			defaultConfigurationName = Release;
		};
		06FE7C45212891F3003902B1 /* Build configuration list for PBXNativeTarget "MovieApp" */ = {
			isa = XCConfigurationList;
			buildConfigurations = (
				06FE7C46212891F3003902B1 /* Debug */,
				06FE7C47212891F3003902B1 /* Release */,
			);
			defaultConfigurationIsVisible = 0;
			defaultConfigurationName = Release;
		};
/* End XCConfigurationList section */
	};
	rootObject = 06FE7C2B212891F1003902B1 /* Project object */;
}
